
Microsoft Visual Studio Solution File, Format Version 12.00
# Visual Studio 15
VisualStudioVersion = 15.0.26730.12
MinimumVisualStudioVersion = 10.0.40219.1
Project("{FAE04EC0-301F-11D3-BF4B-00C04F79EFBC}") = "EmployeeProfileApp.Droid", "EmployeeProfileApp.Droid\EmployeeProfileApp.Droid.csproj", "{061F0FCA-63AA-49FD-8FA5-FC33174E1649}"
EndProject
Project("{9A19103F-16F7-4668-BE54-9A1E7A4F7556}") = "EmployeeProfileApp.Core", "EmployeeProfileApp.Core\EmployeeProfileApp.Core.csproj", "{2E1E8DE1-D8E9-488C-9A5B-8220180A62B2}"
EndProject
Project("{FAE04EC0-301F-11D3-BF4B-00C04F79EFBC}") = "EmployeeProfileApp.iOS", "EmployeeProfileApp.iOS\EmployeeProfileApp.iOS.csproj", "{2D036438-18DF-4A95-B49A-86CECF6F3CCF}"
EndProject
Project("{FAE04EC0-301F-11D3-BF4B-00C04F79EFBC}") = "EmployeeProfileApp.UWP", "EmployeeProfileApp.UWP\EmployeeProfileApp.UWP.csproj", "{82BD95CE-6FFC-4680-82F9-08EA450B3DAE}"
EndProject
Project("{FAE04EC0-301F-11D3-BF4B-00C04F79EFBC}") = "EmployeeProfileApp.WPF", "EmployeeProfileApp.WPF\EmployeeProfileApp.WPF.csproj", "{301AFD05-7A7B-4D68-816F-154FC25D3ABD}"
EndProject
Global
	GlobalSection(SolutionConfigurationPlatforms) = preSolution
		Ad-Hoc|Any CPU = Ad-Hoc|Any CPU
		Ad-Hoc|ARM = Ad-Hoc|ARM
		Ad-Hoc|iPhone = Ad-Hoc|iPhone
		Ad-Hoc|iPhoneSimulator = Ad-Hoc|iPhoneSimulator
		Ad-Hoc|x64 = Ad-Hoc|x64
		Ad-Hoc|x86 = Ad-Hoc|x86
		AppStore|Any CPU = AppStore|Any CPU
		AppStore|ARM = AppStore|ARM
		AppStore|iPhone = AppStore|iPhone
		AppStore|iPhoneSimulator = AppStore|iPhoneSimulator
		AppStore|x64 = AppStore|x64
		AppStore|x86 = AppStore|x86
		Debug|Any CPU = Debug|Any CPU
		Debug|ARM = Debug|ARM
		Debug|iPhone = Debug|iPhone
		Debug|iPhoneSimulator = Debug|iPhoneSimulator
		Debug|x64 = Debug|x64
		Debug|x86 = Debug|x86
		Release|Any CPU = Release|Any CPU
		Release|ARM = Release|ARM
		Release|iPhone = Release|iPhone
		Release|iPhoneSimulator = Release|iPhoneSimulator
		Release|x64 = Release|x64
		Release|x86 = Release|x86
	EndGlobalSection
	GlobalSection(ProjectConfigurationPlatforms) = postSolution
		{061F0FCA-63AA-49FD-8FA5-FC33174E1649}.Ad-Hoc|Any CPU.ActiveCfg = Release|Any CPU
		{061F0FCA-63AA-49FD-8FA5-FC33174E1649}.Ad-Hoc|Any CPU.Build.0 = Release|Any CPU
		{061F0FCA-63AA-49FD-8FA5-FC33174E1649}.Ad-Hoc|Any CPU.Deploy.0 = Release|Any CPU
		{061F0FCA-63AA-49FD-8FA5-FC33174E1649}.Ad-Hoc|ARM.ActiveCfg = Release|Any CPU
		{061F0FCA-63AA-49FD-8FA5-FC33174E1649}.Ad-Hoc|ARM.Build.0 = Release|Any CPU
		{061F0FCA-63AA-49FD-8FA5-FC33174E1649}.Ad-Hoc|ARM.Deploy.0 = Release|Any CPU
		{061F0FCA-63AA-49FD-8FA5-FC33174E1649}.Ad-Hoc|iPhone.ActiveCfg = Release|Any CPU
		{061F0FCA-63AA-49FD-8FA5-FC33174E1649}.Ad-Hoc|iPhone.Build.0 = Release|Any CPU
		{061F0FCA-63AA-49FD-8FA5-FC33174E1649}.Ad-Hoc|iPhone.Deploy.0 = Release|Any CPU
		{061F0FCA-63AA-49FD-8FA5-FC33174E1649}.Ad-Hoc|iPhoneSimulator.ActiveCfg = Release|Any CPU
		{061F0FCA-63AA-49FD-8FA5-FC33174E1649}.Ad-Hoc|iPhoneSimulator.Build.0 = Release|Any CPU
		{061F0FCA-63AA-49FD-8FA5-FC33174E1649}.Ad-Hoc|iPhoneSimulator.Deploy.0 = Release|Any CPU
		{061F0FCA-63AA-49FD-8FA5-FC33174E1649}.Ad-Hoc|x64.ActiveCfg = Release|Any CPU
		{061F0FCA-63AA-49FD-8FA5-FC33174E1649}.Ad-Hoc|x64.Build.0 = Release|Any CPU
		{061F0FCA-63AA-49FD-8FA5-FC33174E1649}.Ad-Hoc|x64.Deploy.0 = Release|Any CPU
		{061F0FCA-63AA-49FD-8FA5-FC33174E1649}.Ad-Hoc|x86.ActiveCfg = Release|Any CPU
		{061F0FCA-63AA-49FD-8FA5-FC33174E1649}.Ad-Hoc|x86.Build.0 = Release|Any CPU
		{061F0FCA-63AA-49FD-8FA5-FC33174E1649}.Ad-Hoc|x86.Deploy.0 = Release|Any CPU
		{061F0FCA-63AA-49FD-8FA5-FC33174E1649}.AppStore|Any CPU.ActiveCfg = Release|Any CPU
		{061F0FCA-63AA-49FD-8FA5-FC33174E1649}.AppStore|Any CPU.Build.0 = Release|Any CPU
		{061F0FCA-63AA-49FD-8FA5-FC33174E1649}.AppStore|Any CPU.Deploy.0 = Release|Any CPU
		{061F0FCA-63AA-49FD-8FA5-FC33174E1649}.AppStore|ARM.ActiveCfg = Release|Any CPU
		{061F0FCA-63AA-49FD-8FA5-FC33174E1649}.AppStore|ARM.Build.0 = Release|Any CPU
		{061F0FCA-63AA-49FD-8FA5-FC33174E1649}.AppStore|ARM.Deploy.0 = Release|Any CPU
		{061F0FCA-63AA-49FD-8FA5-FC33174E1649}.AppStore|iPhone.ActiveCfg = Release|Any CPU
		{061F0FCA-63AA-49FD-8FA5-FC33174E1649}.AppStore|iPhone.Build.0 = Release|Any CPU
		{061F0FCA-63AA-49FD-8FA5-FC33174E1649}.AppStore|iPhone.Deploy.0 = Release|Any CPU
		{061F0FCA-63AA-49FD-8FA5-FC33174E1649}.AppStore|iPhoneSimulator.ActiveCfg = Release|Any CPU
		{061F0FCA-63AA-49FD-8FA5-FC33174E1649}.AppStore|iPhoneSimulator.Build.0 = Release|Any CPU
		{061F0FCA-63AA-49FD-8FA5-FC33174E1649}.AppStore|iPhoneSimulator.Deploy.0 = Release|Any CPU
		{061F0FCA-63AA-49FD-8FA5-FC33174E1649}.AppStore|x64.ActiveCfg = Release|Any CPU
		{061F0FCA-63AA-49FD-8FA5-FC33174E1649}.AppStore|x64.Build.0 = Release|Any CPU
		{061F0FCA-63AA-49FD-8FA5-FC33174E1649}.AppStore|x64.Deploy.0 = Release|Any CPU
		{061F0FCA-63AA-49FD-8FA5-FC33174E1649}.AppStore|x86.ActiveCfg = Release|Any CPU
		{061F0FCA-63AA-49FD-8FA5-FC33174E1649}.AppStore|x86.Build.0 = Release|Any CPU
		{061F0FCA-63AA-49FD-8FA5-FC33174E1649}.AppStore|x86.Deploy.0 = Release|Any CPU
		{061F0FCA-63AA-49FD-8FA5-FC33174E1649}.Debug|Any CPU.ActiveCfg = Debug|Any CPU
		{061F0FCA-63AA-49FD-8FA5-FC33174E1649}.Debug|Any CPU.Build.0 = Debug|Any CPU
		{061F0FCA-63AA-49FD-8FA5-FC33174E1649}.Debug|ARM.ActiveCfg = Debug|Any CPU
		{061F0FCA-63AA-49FD-8FA5-FC33174E1649}.Debug|ARM.Build.0 = Debug|Any CPU
		{061F0FCA-63AA-49FD-8FA5-FC33174E1649}.Debug|ARM.Deploy.0 = Debug|Any CPU
		{061F0FCA-63AA-49FD-8FA5-FC33174E1649}.Debug|iPhone.ActiveCfg = Debug|Any CPU
		{061F0FCA-63AA-49FD-8FA5-FC33174E1649}.Debug|iPhone.Build.0 = Debug|Any CPU
		{061F0FCA-63AA-49FD-8FA5-FC33174E1649}.Debug|iPhone.Deploy.0 = Debug|Any CPU
		{061F0FCA-63AA-49FD-8FA5-FC33174E1649}.Debug|iPhoneSimulator.ActiveCfg = Debug|Any CPU
		{061F0FCA-63AA-49FD-8FA5-FC33174E1649}.Debug|iPhoneSimulator.Build.0 = Debug|Any CPU
		{061F0FCA-63AA-49FD-8FA5-FC33174E1649}.Debug|iPhoneSimulator.Deploy.0 = Debug|Any CPU
		{061F0FCA-63AA-49FD-8FA5-FC33174E1649}.Debug|x64.ActiveCfg = Debug|Any CPU
		{061F0FCA-63AA-49FD-8FA5-FC33174E1649}.Debug|x64.Build.0 = Debug|Any CPU
		{061F0FCA-63AA-49FD-8FA5-FC33174E1649}.Debug|x64.Deploy.0 = Debug|Any CPU
		{061F0FCA-63AA-49FD-8FA5-FC33174E1649}.Debug|x86.ActiveCfg = Debug|Any CPU
		{061F0FCA-63AA-49FD-8FA5-FC33174E1649}.Debug|x86.Build.0 = Debug|Any CPU
		{061F0FCA-63AA-49FD-8FA5-FC33174E1649}.Debug|x86.Deploy.0 = Debug|Any CPU
		{061F0FCA-63AA-49FD-8FA5-FC33174E1649}.Release|Any CPU.ActiveCfg = Release|Any CPU
		{061F0FCA-63AA-49FD-8FA5-FC33174E1649}.Release|ARM.ActiveCfg = Release|Any CPU
		{061F0FCA-63AA-49FD-8FA5-FC33174E1649}.Release|ARM.Build.0 = Release|Any CPU
		{061F0FCA-63AA-49FD-8FA5-FC33174E1649}.Release|ARM.Deploy.0 = Release|Any CPU
		{061F0FCA-63AA-49FD-8FA5-FC33174E1649}.Release|iPhone.ActiveCfg = Release|Any CPU
		{061F0FCA-63AA-49FD-8FA5-FC33174E1649}.Release|iPhone.Build.0 = Release|Any CPU
		{061F0FCA-63AA-49FD-8FA5-FC33174E1649}.Release|iPhone.Deploy.0 = Release|Any CPU
		{061F0FCA-63AA-49FD-8FA5-FC33174E1649}.Release|iPhoneSimulator.ActiveCfg = Release|Any CPU
		{061F0FCA-63AA-49FD-8FA5-FC33174E1649}.Release|iPhoneSimulator.Build.0 = Release|Any CPU
		{061F0FCA-63AA-49FD-8FA5-FC33174E1649}.Release|iPhoneSimulator.Deploy.0 = Release|Any CPU
		{061F0FCA-63AA-49FD-8FA5-FC33174E1649}.Release|x64.ActiveCfg = Release|Any CPU
		{061F0FCA-63AA-49FD-8FA5-FC33174E1649}.Release|x64.Build.0 = Release|Any CPU
		{061F0FCA-63AA-49FD-8FA5-FC33174E1649}.Release|x64.Deploy.0 = Release|Any CPU
		{061F0FCA-63AA-49FD-8FA5-FC33174E1649}.Release|x86.ActiveCfg = Release|Any CPU
		{061F0FCA-63AA-49FD-8FA5-FC33174E1649}.Release|x86.Build.0 = Release|Any CPU
		{061F0FCA-63AA-49FD-8FA5-FC33174E1649}.Release|x86.Deploy.0 = Release|Any CPU
		{2E1E8DE1-D8E9-488C-9A5B-8220180A62B2}.Ad-Hoc|Any CPU.ActiveCfg = Release|Any CPU
		{2E1E8DE1-D8E9-488C-9A5B-8220180A62B2}.Ad-Hoc|Any CPU.Build.0 = Release|Any CPU
		{2E1E8DE1-D8E9-488C-9A5B-8220180A62B2}.Ad-Hoc|ARM.ActiveCfg = Release|Any CPU
		{2E1E8DE1-D8E9-488C-9A5B-8220180A62B2}.Ad-Hoc|ARM.Build.0 = Release|Any CPU
		{2E1E8DE1-D8E9-488C-9A5B-8220180A62B2}.Ad-Hoc|iPhone.ActiveCfg = Release|Any CPU
		{2E1E8DE1-D8E9-488C-9A5B-8220180A62B2}.Ad-Hoc|iPhone.Build.0 = Release|Any CPU
		{2E1E8DE1-D8E9-488C-9A5B-8220180A62B2}.Ad-Hoc|iPhoneSimulator.ActiveCfg = Release|Any CPU
		{2E1E8DE1-D8E9-488C-9A5B-8220180A62B2}.Ad-Hoc|iPhoneSimulator.Build.0 = Release|Any CPU
		{2E1E8DE1-D8E9-488C-9A5B-8220180A62B2}.Ad-Hoc|x64.ActiveCfg = Release|Any CPU
		{2E1E8DE1-D8E9-488C-9A5B-8220180A62B2}.Ad-Hoc|x64.Build.0 = Release|Any CPU
		{2E1E8DE1-D8E9-488C-9A5B-8220180A62B2}.Ad-Hoc|x86.ActiveCfg = Release|Any CPU
		{2E1E8DE1-D8E9-488C-9A5B-8220180A62B2}.Ad-Hoc|x86.Build.0 = Release|Any CPU
		{2E1E8DE1-D8E9-488C-9A5B-8220180A62B2}.AppStore|Any CPU.ActiveCfg = Release|Any CPU
		{2E1E8DE1-D8E9-488C-9A5B-8220180A62B2}.AppStore|Any CPU.Build.0 = Release|Any CPU
		{2E1E8DE1-D8E9-488C-9A5B-8220180A62B2}.AppStore|ARM.ActiveCfg = Release|Any CPU
		{2E1E8DE1-D8E9-488C-9A5B-8220180A62B2}.AppStore|ARM.Build.0 = Release|Any CPU
		{2E1E8DE1-D8E9-488C-9A5B-8220180A62B2}.AppStore|iPhone.ActiveCfg = Release|Any CPU
		{2E1E8DE1-D8E9-488C-9A5B-8220180A62B2}.AppStore|iPhone.Build.0 = Release|Any CPU
		{2E1E8DE1-D8E9-488C-9A5B-8220180A62B2}.AppStore|iPhoneSimulator.ActiveCfg = Release|Any CPU
		{2E1E8DE1-D8E9-488C-9A5B-8220180A62B2}.AppStore|iPhoneSimulator.Build.0 = Release|Any CPU
		{2E1E8DE1-D8E9-488C-9A5B-8220180A62B2}.AppStore|x64.ActiveCfg = Release|Any CPU
		{2E1E8DE1-D8E9-488C-9A5B-8220180A62B2}.AppStore|x64.Build.0 = Release|Any CPU
		{2E1E8DE1-D8E9-488C-9A5B-8220180A62B2}.AppStore|x86.ActiveCfg = Release|Any CPU
		{2E1E8DE1-D8E9-488C-9A5B-8220180A62B2}.AppStore|x86.Build.0 = Release|Any CPU
		{2E1E8DE1-D8E9-488C-9A5B-8220180A62B2}.Debug|Any CPU.ActiveCfg = Debug|Any CPU
		{2E1E8DE1-D8E9-488C-9A5B-8220180A62B2}.Debug|Any CPU.Build.0 = Debug|Any CPU
		{2E1E8DE1-D8E9-488C-9A5B-8220180A62B2}.Debug|ARM.ActiveCfg = Debug|Any CPU
		{2E1E8DE1-D8E9-488C-9A5B-8220180A62B2}.Debug|ARM.Build.0 = Debug|Any CPU
		{2E1E8DE1-D8E9-488C-9A5B-8220180A62B2}.Debug|iPhone.ActiveCfg = Debug|Any CPU
		{2E1E8DE1-D8E9-488C-9A5B-8220180A62B2}.Debug|iPhone.Build.0 = Debug|Any CPU
		{2E1E8DE1-D8E9-488C-9A5B-8220180A62B2}.Debug|iPhoneSimulator.ActiveCfg = Debug|Any CPU
		{2E1E8DE1-D8E9-488C-9A5B-8220180A62B2}.Debug|iPhoneSimulator.Build.0 = Debug|Any CPU
		{2E1E8DE1-D8E9-488C-9A5B-8220180A62B2}.Debug|x64.ActiveCfg = Debug|Any CPU
		{2E1E8DE1-D8E9-488C-9A5B-8220180A62B2}.Debug|x64.Build.0 = Debug|Any CPU
		{2E1E8DE1-D8E9-488C-9A5B-8220180A62B2}.Debug|x86.ActiveCfg = Debug|Any CPU
		{2E1E8DE1-D8E9-488C-9A5B-8220180A62B2}.Debug|x86.Build.0 = Debug|Any CPU
		{2E1E8DE1-D8E9-488C-9A5B-8220180A62B2}.Release|Any CPU.ActiveCfg = Release|Any CPU
		{2E1E8DE1-D8E9-488C-9A5B-8220180A62B2}.Release|ARM.ActiveCfg = Release|Any CPU
		{2E1E8DE1-D8E9-488C-9A5B-8220180A62B2}.Release|ARM.Build.0 = Release|Any CPU
		{2E1E8DE1-D8E9-488C-9A5B-8220180A62B2}.Release|iPhone.ActiveCfg = Release|Any CPU
		{2E1E8DE1-D8E9-488C-9A5B-8220180A62B2}.Release|iPhone.Build.0 = Release|Any CPU
		{2E1E8DE1-D8E9-488C-9A5B-8220180A62B2}.Release|iPhoneSimulator.ActiveCfg = Release|Any CPU
		{2E1E8DE1-D8E9-488C-9A5B-8220180A62B2}.Release|iPhoneSimulator.Build.0 = Release|Any CPU
		{2E1E8DE1-D8E9-488C-9A5B-8220180A62B2}.Release|x64.ActiveCfg = Release|Any CPU
		{2E1E8DE1-D8E9-488C-9A5B-8220180A62B2}.Release|x64.Build.0 = Release|Any CPU
		{2E1E8DE1-D8E9-488C-9A5B-8220180A62B2}.Release|x86.ActiveCfg = Release|Any CPU
		{2E1E8DE1-D8E9-488C-9A5B-8220180A62B2}.Release|x86.Build.0 = Release|Any CPU
		{2D036438-18DF-4A95-B49A-86CECF6F3CCF}.Ad-Hoc|Any CPU.ActiveCfg = Ad-Hoc|iPhone
		{2D036438-18DF-4A95-B49A-86CECF6F3CCF}.Ad-Hoc|ARM.ActiveCfg = Ad-Hoc|iPhone
		{2D036438-18DF-4A95-B49A-86CECF6F3CCF}.Ad-Hoc|iPhone.ActiveCfg = Ad-Hoc|iPhone
		{2D036438-18DF-4A95-B49A-86CECF6F3CCF}.Ad-Hoc|iPhone.Build.0 = Ad-Hoc|iPhone
		{2D036438-18DF-4A95-B49A-86CECF6F3CCF}.Ad-Hoc|iPhoneSimulator.ActiveCfg = Ad-Hoc|iPhoneSimulator
		{2D036438-18DF-4A95-B49A-86CECF6F3CCF}.Ad-Hoc|iPhoneSimulator.Build.0 = Ad-Hoc|iPhoneSimulator
		{2D036438-18DF-4A95-B49A-86CECF6F3CCF}.Ad-Hoc|x64.ActiveCfg = Ad-Hoc|iPhone
		{2D036438-18DF-4A95-B49A-86CECF6F3CCF}.Ad-Hoc|x86.ActiveCfg = Ad-Hoc|iPhone
		{2D036438-18DF-4A95-B49A-86CECF6F3CCF}.AppStore|Any CPU.ActiveCfg = AppStore|iPhone
		{2D036438-18DF-4A95-B49A-86CECF6F3CCF}.AppStore|ARM.ActiveCfg = AppStore|iPhone
		{2D036438-18DF-4A95-B49A-86CECF6F3CCF}.AppStore|iPhone.ActiveCfg = AppStore|iPhone
		{2D036438-18DF-4A95-B49A-86CECF6F3CCF}.AppStore|iPhone.Build.0 = AppStore|iPhone
		{2D036438-18DF-4A95-B49A-86CECF6F3CCF}.AppStore|iPhoneSimulator.ActiveCfg = AppStore|iPhoneSimulator
		{2D036438-18DF-4A95-B49A-86CECF6F3CCF}.AppStore|iPhoneSimulator.Build.0 = AppStore|iPhoneSimulator
		{2D036438-18DF-4A95-B49A-86CECF6F3CCF}.AppStore|x64.ActiveCfg = AppStore|iPhone
		{2D036438-18DF-4A95-B49A-86CECF6F3CCF}.AppStore|x86.ActiveCfg = AppStore|iPhone
		{2D036438-18DF-4A95-B49A-86CECF6F3CCF}.Debug|Any CPU.ActiveCfg = Debug|iPhoneSimulator
		{2D036438-18DF-4A95-B49A-86CECF6F3CCF}.Debug|Any CPU.Build.0 = Debug|iPhoneSimulator
		{2D036438-18DF-4A95-B49A-86CECF6F3CCF}.Debug|ARM.ActiveCfg = Debug|iPhone
		{2D036438-18DF-4A95-B49A-86CECF6F3CCF}.Debug|iPhone.ActiveCfg = Debug|iPhone
		{2D036438-18DF-4A95-B49A-86CECF6F3CCF}.Debug|iPhone.Build.0 = Debug|iPhone
		{2D036438-18DF-4A95-B49A-86CECF6F3CCF}.Debug|iPhoneSimulator.ActiveCfg = Debug|iPhoneSimulator
		{2D036438-18DF-4A95-B49A-86CECF6F3CCF}.Debug|iPhoneSimulator.Build.0 = Debug|iPhoneSimulator
		{2D036438-18DF-4A95-B49A-86CECF6F3CCF}.Debug|x64.ActiveCfg = Debug|iPhone
		{2D036438-18DF-4A95-B49A-86CECF6F3CCF}.Debug|x86.ActiveCfg = Debug|iPhone
		{2D036438-18DF-4A95-B49A-86CECF6F3CCF}.Release|Any CPU.ActiveCfg = Release|iPhone
		{2D036438-18DF-4A95-B49A-86CECF6F3CCF}.Release|ARM.ActiveCfg = Release|iPhone
		{2D036438-18DF-4A95-B49A-86CECF6F3CCF}.Release|iPhone.ActiveCfg = Release|iPhone
		{2D036438-18DF-4A95-B49A-86CECF6F3CCF}.Release|iPhone.Build.0 = Release|iPhone
		{2D036438-18DF-4A95-B49A-86CECF6F3CCF}.Release|iPhoneSimulator.ActiveCfg = Release|iPhoneSimulator
		{2D036438-18DF-4A95-B49A-86CECF6F3CCF}.Release|iPhoneSimulator.Build.0 = Release|iPhoneSimulator
		{2D036438-18DF-4A95-B49A-86CECF6F3CCF}.Release|x64.ActiveCfg = Release|iPhone
		{2D036438-18DF-4A95-B49A-86CECF6F3CCF}.Release|x86.ActiveCfg = Release|iPhone
		{82BD95CE-6FFC-4680-82F9-08EA450B3DAE}.Ad-Hoc|Any CPU.ActiveCfg = Release|x64
		{82BD95CE-6FFC-4680-82F9-08EA450B3DAE}.Ad-Hoc|Any CPU.Build.0 = Release|x64
		{82BD95CE-6FFC-4680-82F9-08EA450B3DAE}.Ad-Hoc|Any CPU.Deploy.0 = Release|x64
		{82BD95CE-6FFC-4680-82F9-08EA450B3DAE}.Ad-Hoc|ARM.ActiveCfg = Release|ARM
		{82BD95CE-6FFC-4680-82F9-08EA450B3DAE}.Ad-Hoc|ARM.Build.0 = Release|ARM
		{82BD95CE-6FFC-4680-82F9-08EA450B3DAE}.Ad-Hoc|ARM.Deploy.0 = Release|ARM
		{82BD95CE-6FFC-4680-82F9-08EA450B3DAE}.Ad-Hoc|iPhone.ActiveCfg = Release|x64
		{82BD95CE-6FFC-4680-82F9-08EA450B3DAE}.Ad-Hoc|iPhone.Build.0 = Release|x64
		{82BD95CE-6FFC-4680-82F9-08EA450B3DAE}.Ad-Hoc|iPhone.Deploy.0 = Release|x64
		{82BD95CE-6FFC-4680-82F9-08EA450B3DAE}.Ad-Hoc|iPhoneSimulator.ActiveCfg = Release|x64
		{82BD95CE-6FFC-4680-82F9-08EA450B3DAE}.Ad-Hoc|iPhoneSimulator.Build.0 = Release|x64
		{82BD95CE-6FFC-4680-82F9-08EA450B3DAE}.Ad-Hoc|iPhoneSimulator.Deploy.0 = Release|x64
		{82BD95CE-6FFC-4680-82F9-08EA450B3DAE}.Ad-Hoc|x64.ActiveCfg = Release|x64
		{82BD95CE-6FFC-4680-82F9-08EA450B3DAE}.Ad-Hoc|x64.Build.0 = Release|x64
		{82BD95CE-6FFC-4680-82F9-08EA450B3DAE}.Ad-Hoc|x64.Deploy.0 = Release|x64
		{82BD95CE-6FFC-4680-82F9-08EA450B3DAE}.Ad-Hoc|x86.ActiveCfg = Release|x86
		{82BD95CE-6FFC-4680-82F9-08EA450B3DAE}.Ad-Hoc|x86.Build.0 = Release|x86
		{82BD95CE-6FFC-4680-82F9-08EA450B3DAE}.Ad-Hoc|x86.Deploy.0 = Release|x86
		{82BD95CE-6FFC-4680-82F9-08EA450B3DAE}.AppStore|Any CPU.ActiveCfg = Release|x64
		{82BD95CE-6FFC-4680-82F9-08EA450B3DAE}.AppStore|Any CPU.Build.0 = Release|x64
		{82BD95CE-6FFC-4680-82F9-08EA450B3DAE}.AppStore|Any CPU.Deploy.0 = Release|x64
		{82BD95CE-6FFC-4680-82F9-08EA450B3DAE}.AppStore|ARM.ActiveCfg = Release|ARM
		{82BD95CE-6FFC-4680-82F9-08EA450B3DAE}.AppStore|ARM.Build.0 = Release|ARM
		{82BD95CE-6FFC-4680-82F9-08EA450B3DAE}.AppStore|ARM.Deploy.0 = Release|ARM
		{82BD95CE-6FFC-4680-82F9-08EA450B3DAE}.AppStore|iPhone.ActiveCfg = Release|x64
		{82BD95CE-6FFC-4680-82F9-08EA450B3DAE}.AppStore|iPhone.Build.0 = Release|x64
		{82BD95CE-6FFC-4680-82F9-08EA450B3DAE}.AppStore|iPhone.Deploy.0 = Release|x64
		{82BD95CE-6FFC-4680-82F9-08EA450B3DAE}.AppStore|iPhoneSimulator.ActiveCfg = Release|x64
		{82BD95CE-6FFC-4680-82F9-08EA450B3DAE}.AppStore|iPhoneSimulator.Build.0 = Release|x64
		{82BD95CE-6FFC-4680-82F9-08EA450B3DAE}.AppStore|iPhoneSimulator.Deploy.0 = Release|x64
		{82BD95CE-6FFC-4680-82F9-08EA450B3DAE}.AppStore|x64.ActiveCfg = Release|x64
		{82BD95CE-6FFC-4680-82F9-08EA450B3DAE}.AppStore|x64.Build.0 = Release|x64
		{82BD95CE-6FFC-4680-82F9-08EA450B3DAE}.AppStore|x64.Deploy.0 = Release|x64
		{82BD95CE-6FFC-4680-82F9-08EA450B3DAE}.AppStore|x86.ActiveCfg = Release|x86
		{82BD95CE-6FFC-4680-82F9-08EA450B3DAE}.AppStore|x86.Build.0 = Release|x86
		{82BD95CE-6FFC-4680-82F9-08EA450B3DAE}.AppStore|x86.Deploy.0 = Release|x86
		{82BD95CE-6FFC-4680-82F9-08EA450B3DAE}.Debug|Any CPU.ActiveCfg = Debug|x86
		{82BD95CE-6FFC-4680-82F9-08EA450B3DAE}.Debug|ARM.ActiveCfg = Debug|ARM
		{82BD95CE-6FFC-4680-82F9-08EA450B3DAE}.Debug|ARM.Build.0 = Debug|ARM
		{82BD95CE-6FFC-4680-82F9-08EA450B3DAE}.Debug|ARM.Deploy.0 = Debug|ARM
		{82BD95CE-6FFC-4680-82F9-08EA450B3DAE}.Debug|iPhone.ActiveCfg = Debug|x86
		{82BD95CE-6FFC-4680-82F9-08EA450B3DAE}.Debug|iPhoneSimulator.ActiveCfg = Debug|x86
		{82BD95CE-6FFC-4680-82F9-08EA450B3DAE}.Debug|x64.ActiveCfg = Debug|x64
		{82BD95CE-6FFC-4680-82F9-08EA450B3DAE}.Debug|x64.Build.0 = Debug|x64
		{82BD95CE-6FFC-4680-82F9-08EA450B3DAE}.Debug|x64.Deploy.0 = Debug|x64
		{82BD95CE-6FFC-4680-82F9-08EA450B3DAE}.Debug|x86.ActiveCfg = Debug|x86
		{82BD95CE-6FFC-4680-82F9-08EA450B3DAE}.Debug|x86.Build.0 = Debug|x86
		{82BD95CE-6FFC-4680-82F9-08EA450B3DAE}.Debug|x86.Deploy.0 = Debug|x86
		{82BD95CE-6FFC-4680-82F9-08EA450B3DAE}.Release|Any CPU.ActiveCfg = Release|x86
		{82BD95CE-6FFC-4680-82F9-08EA450B3DAE}.Release|ARM.ActiveCfg = Release|ARM
		{82BD95CE-6FFC-4680-82F9-08EA450B3DAE}.Release|ARM.Build.0 = Release|ARM
		{82BD95CE-6FFC-4680-82F9-08EA450B3DAE}.Release|ARM.Deploy.0 = Release|ARM
		{82BD95CE-6FFC-4680-82F9-08EA450B3DAE}.Release|iPhone.ActiveCfg = Release|x86
		{82BD95CE-6FFC-4680-82F9-08EA450B3DAE}.Release|iPhoneSimulator.ActiveCfg = Release|x86
		{82BD95CE-6FFC-4680-82F9-08EA450B3DAE}.Release|x64.ActiveCfg = Release|x64
		{82BD95CE-6FFC-4680-82F9-08EA450B3DAE}.Release|x64.Build.0 = Release|x64
		{82BD95CE-6FFC-4680-82F9-08EA450B3DAE}.Release|x64.Deploy.0 = Release|x64
		{82BD95CE-6FFC-4680-82F9-08EA450B3DAE}.Release|x86.ActiveCfg = Release|x86
		{82BD95CE-6FFC-4680-82F9-08EA450B3DAE}.Release|x86.Build.0 = Release|x86
		{82BD95CE-6FFC-4680-82F9-08EA450B3DAE}.Release|x86.Deploy.0 = Release|x86
		{301AFD05-7A7B-4D68-816F-154FC25D3ABD}.Ad-Hoc|Any CPU.ActiveCfg = Release|Any CPU
		{301AFD05-7A7B-4D68-816F-154FC25D3ABD}.Ad-Hoc|Any CPU.Build.0 = Release|Any CPU
		{301AFD05-7A7B-4D68-816F-154FC25D3ABD}.Ad-Hoc|ARM.ActiveCfg = Release|Any CPU
		{301AFD05-7A7B-4D68-816F-154FC25D3ABD}.Ad-Hoc|ARM.Build.0 = Release|Any CPU
		{301AFD05-7A7B-4D68-816F-154FC25D3ABD}.Ad-Hoc|iPhone.ActiveCfg = Release|Any CPU
		{301AFD05-7A7B-4D68-816F-154FC25D3ABD}.Ad-Hoc|iPhone.Build.0 = Release|Any CPU
		{301AFD05-7A7B-4D68-816F-154FC25D3ABD}.Ad-Hoc|iPhoneSimulator.ActiveCfg = Release|Any CPU
		{301AFD05-7A7B-4D68-816F-154FC25D3ABD}.Ad-Hoc|iPhoneSimulator.Build.0 = Release|Any CPU
		{301AFD05-7A7B-4D68-816F-154FC25D3ABD}.Ad-Hoc|x64.ActiveCfg = Release|Any CPU
		{301AFD05-7A7B-4D68-816F-154FC25D3ABD}.Ad-Hoc|x64.Build.0 = Release|Any CPU
		{301AFD05-7A7B-4D68-816F-154FC25D3ABD}.Ad-Hoc|x86.ActiveCfg = Release|Any CPU
		{301AFD05-7A7B-4D68-816F-154FC25D3ABD}.Ad-Hoc|x86.Build.0 = Release|Any CPU
		{301AFD05-7A7B-4D68-816F-154FC25D3ABD}.AppStore|Any CPU.ActiveCfg = Release|Any CPU
		{301AFD05-7A7B-4D68-816F-154FC25D3ABD}.AppStore|Any CPU.Build.0 = Release|Any CPU
		{301AFD05-7A7B-4D68-816F-154FC25D3ABD}.AppStore|ARM.ActiveCfg = Release|Any CPU
		{301AFD05-7A7B-4D68-816F-154FC25D3ABD}.AppStore|ARM.Build.0 = Release|Any CPU
		{301AFD05-7A7B-4D68-816F-154FC25D3ABD}.AppStore|iPhone.ActiveCfg = Release|Any CPU
		{301AFD05-7A7B-4D68-816F-154FC25D3ABD}.AppStore|iPhone.Build.0 = Release|Any CPU
		{301AFD05-7A7B-4D68-816F-154FC25D3ABD}.AppStore|iPhoneSimulator.ActiveCfg = Release|Any CPU
		{301AFD05-7A7B-4D68-816F-154FC25D3ABD}.AppStore|iPhoneSimulator.Build.0 = Release|Any CPU
		{301AFD05-7A7B-4D68-816F-154FC25D3ABD}.AppStore|x64.ActiveCfg = Release|Any CPU
		{301AFD05-7A7B-4D68-816F-154FC25D3ABD}.AppStore|x64.Build.0 = Release|Any CPU
		{301AFD05-7A7B-4D68-816F-154FC25D3ABD}.AppStore|x86.ActiveCfg = Release|Any CPU
		{301AFD05-7A7B-4D68-816F-154FC25D3ABD}.AppStore|x86.Build.0 = Release|Any CPU
		{301AFD05-7A7B-4D68-816F-154FC25D3ABD}.Debug|Any CPU.ActiveCfg = Debug|Any CPU
		{301AFD05-7A7B-4D68-816F-154FC25D3ABD}.Debug|Any CPU.Build.0 = Debug|Any CPU
		{301AFD05-7A7B-4D68-816F-154FC25D3ABD}.Debug|ARM.ActiveCfg = Debug|Any CPU
		{301AFD05-7A7B-4D68-816F-154FC25D3ABD}.Debug|ARM.Build.0 = Debug|Any CPU
		{301AFD05-7A7B-4D68-816F-154FC25D3ABD}.Debug|iPhone.ActiveCfg = Debug|Any CPU
		{301AFD05-7A7B-4D68-816F-154FC25D3ABD}.Debug|iPhone.Build.0 = Debug|Any CPU
		{301AFD05-7A7B-4D68-816F-154FC25D3ABD}.Debug|iPhoneSimulator.ActiveCfg = Debug|Any CPU
		{301AFD05-7A7B-4D68-816F-154FC25D3ABD}.Debug|iPhoneSimulator.Build.0 = Debug|Any CPU
		{301AFD05-7A7B-4D68-816F-154FC25D3ABD}.Debug|x64.ActiveCfg = Debug|Any CPU
		{301AFD05-7A7B-4D68-816F-154FC25D3ABD}.Debug|x64.Build.0 = Debug|Any CPU
		{301AFD05-7A7B-4D68-816F-154FC25D3ABD}.Debug|x86.ActiveCfg = Debug|Any CPU
		{301AFD05-7A7B-4D68-816F-154FC25D3ABD}.Debug|x86.Build.0 = Debug|Any CPU
		{301AFD05-7A7B-4D68-816F-154FC25D3ABD}.Release|Any CPU.ActiveCfg = Release|Any CPU
		{301AFD05-7A7B-4D68-816F-154FC25D3ABD}.Release|Any CPU.Build.0 = Release|Any CPU
		{301AFD05-7A7B-4D68-816F-154FC25D3ABD}.Release|ARM.ActiveCfg = Release|Any CPU
		{301AFD05-7A7B-4D68-816F-154FC25D3ABD}.Release|ARM.Build.0 = Release|Any CPU
		{301AFD05-7A7B-4D68-816F-154FC25D3ABD}.Release|iPhone.ActiveCfg = Release|Any CPU
		{301AFD05-7A7B-4D68-816F-154FC25D3ABD}.Release|iPhone.Build.0 = Release|Any CPU
		{301AFD05-7A7B-4D68-816F-154FC25D3ABD}.Release|iPhoneSimulator.ActiveCfg = Release|Any CPU
		{301AFD05-7A7B-4D68-816F-154FC25D3ABD}.Release|iPhoneSimulator.Build.0 = Release|Any CPU
		{301AFD05-7A7B-4D68-816F-154FC25D3ABD}.Release|x64.ActiveCfg = Release|Any CPU
		{301AFD05-7A7B-4D68-816F-154FC25D3ABD}.Release|x64.Build.0 = Release|Any CPU
		{301AFD05-7A7B-4D68-816F-154FC25D3ABD}.Release|x86.ActiveCfg = Release|Any CPU
		{301AFD05-7A7B-4D68-816F-154FC25D3ABD}.Release|x86.Build.0 = Release|Any CPU
	EndGlobalSection
	GlobalSection(SolutionProperties) = preSolution
		HideSolutionNode = FALSE
	EndGlobalSection
	GlobalSection(ExtensibilityGlobals) = postSolution
		SolutionGuid = {F5399188-2304-4703-A27B-E19C3C4F7F2B}
	EndGlobalSection
EndGlobal
